
Microsoft Visual Studio Solution File, Format Version 12.00
# Visual Studio Version 17
VisualStudioVersion = 17.8.34511.84
MinimumVisualStudioVersion = 10.0.40219.1
Project("{FAE04EC0-301F-11D3-BF4B-00C04F79EFBC}") = "MegaDesk-KClark", "MegaDesk-KClark.csproj", "{69D00EF0-59EB-49A6-B67D-35681586784E}"
EndProject
Global
	GlobalSection(SolutionConfigurationPlatforms) = preSolution
		Debug|Any CPU = Debug|Any CPU
		Release|Any CPU = Release|Any CPU
	EndGlobalSection
	GlobalSection(ProjectConfigurationPlatforms) = postSolution
		{69D00EF0-59EB-49A6-B67D-35681586784E}.Debug|Any CPU.ActiveCfg = Debug|Any CPU
		{69D00EF0-59EB-49A6-B67D-35681586784E}.Debug|Any CPU.Build.0 = Debug|Any CPU
		{69D00EF0-59EB-49A6-B67D-35681586784E}.Release|Any CPU.ActiveCfg = Release|Any CPU
		{69D00EF0-59EB-49A6-B67D-35681586784E}.Release|Any CPU.Build.0 = Release|Any CPU
	EndGlobalSection
	GlobalSection(SolutionProperties) = preSolution
		HideSolutionNode = FALSE
	EndGlobalSection
	GlobalSection(ExtensibilityGlobals) = postSolution
		SolutionGuid = {4D2CE805-F778-41F2-9F93-70FFF03B60EA}
	EndGlobalSection
EndGlobal
